
Microsoft Visual Studio Solution File, Format Version 12.00
# Visual Studio Version 17
VisualStudioVersion = 17.9.34714.143
MinimumVisualStudioVersion = 10.0.40219.1
Project("{FAE04EC0-301F-11D3-BF4B-00C04F79EFBC}") = "Exchange-Rates", "Exchange-Rates.csproj", "{3128A20D-A449-4821-917E-E156CA14FDEF}"
EndProject
Global
	GlobalSection(SolutionConfigurationPlatforms) = preSolution
		Debug|Any CPU = Debug|Any CPU
		Release|Any CPU = Release|Any CPU
	EndGlobalSection
	GlobalSection(ProjectConfigurationPlatforms) = postSolution
		{3128A20D-A449-4821-917E-E156CA14FDEF}.Debug|Any CPU.ActiveCfg = Debug|Any CPU
		{3128A20D-A449-4821-917E-E156CA14FDEF}.Debug|Any CPU.Build.0 = Debug|Any CPU
		{3128A20D-A449-4821-917E-E156CA14FDEF}.Release|Any CPU.ActiveCfg = Release|Any CPU
		{3128A20D-A449-4821-917E-E156CA14FDEF}.Release|Any CPU.Build.0 = Release|Any CPU
	EndGlobalSection
	GlobalSection(SolutionProperties) = preSolution
		HideSolutionNode = FALSE
	EndGlobalSection
	GlobalSection(ExtensibilityGlobals) = postSolution
		SolutionGuid = {21566AB0-14B1-4CE1-81FF-0437C60A26E8}
	EndGlobalSection
EndGlobal
